// !$*UTF8*$!
{
	archiveVersion = 1;
	classes = {
	};
	objectVersion = 48;
	objects = {

/* Begin PBXBuildFile section */
		B97631541F27CE9900AFD6D9 /* SFText-Medium.otf in Resources */ = {isa = PBXBuildFile; fileRef = B97631521F27CE9900AFD6D9 /* SFText-Medium.otf */; };
		B97631551F27CE9900AFD6D9 /* SFText-Regular.otf in Resources */ = {isa = PBXBuildFile; fileRef = B97631531F27CE9900AFD6D9 /* SFText-Regular.otf */; };
		B97631571F27CEAC00AFD6D9 /* Arvil_Sans.ttf in Resources */ = {isa = PBXBuildFile; fileRef = B97631561F27CEAC00AFD6D9 /* Arvil_Sans.ttf */; };
		B99272411F22836800879A51 /* AppDelegate.swift in Sources */ = {isa = PBXBuildFile; fileRef = B99272401F22836800879A51 /* AppDelegate.swift */; };
		B99272431F22836800879A51 /* art.scnassets in Resources */ = {isa = PBXBuildFile; fileRef = B99272421F22836800879A51 /* art.scnassets */; };
		B99272451F22836800879A51 /* RainViewController.swift in Sources */ = {isa = PBXBuildFile; fileRef = B99272441F22836800879A51 /* RainViewController.swift */; };
		B99272481F22836800879A51 /* Main.storyboard in Resources */ = {isa = PBXBuildFile; fileRef = B99272461F22836800879A51 /* Main.storyboard */; };
		B992724A1F22836800879A51 /* Assets.xcassets in Resources */ = {isa = PBXBuildFile; fileRef = B99272491F22836800879A51 /* Assets.xcassets */; };
		B992724D1F22836800879A51 /* LaunchScreen.storyboard in Resources */ = {isa = PBXBuildFile; fileRef = B992724B1F22836800879A51 /* LaunchScreen.storyboard */; };
		B99272551F2283E400879A51 /* MenuViewController.swift in Sources */ = {isa = PBXBuildFile; fileRef = B99272541F2283E400879A51 /* MenuViewController.swift */; };
/* End PBXBuildFile section */

/* Begin PBXFileReference section */
		B97631521F27CE9900AFD6D9 /* SFText-Medium.otf */ = {isa = PBXFileReference; lastKnownFileType = file; path = "SFText-Medium.otf"; sourceTree = "<group>"; };
		B97631531F27CE9900AFD6D9 /* SFText-Regular.otf */ = {isa = PBXFileReference; lastKnownFileType = file; path = "SFText-Regular.otf"; sourceTree = "<group>"; };
		B97631561F27CEAC00AFD6D9 /* Arvil_Sans.ttf */ = {isa = PBXFileReference; lastKnownFileType = file; path = Arvil_Sans.ttf; sourceTree = "<group>"; };
		B992723D1F22836800879A51 /* MakeItRain.app */ = {isa = PBXFileReference; explicitFileType = wrapper.application; includeInIndex = 0; path = MakeItRain.app; sourceTree = BUILT_PRODUCTS_DIR; };
		B99272401F22836800879A51 /* AppDelegate.swift */ = {isa = PBXFileReference; lastKnownFileType = sourcecode.swift; path = AppDelegate.swift; sourceTree = "<group>"; };
		B99272421F22836800879A51 /* art.scnassets */ = {isa = PBXFileReference; lastKnownFileType = wrapper.scnassets; path = art.scnassets; sourceTree = "<group>"; };
		B99272441F22836800879A51 /* RainViewController.swift */ = {isa = PBXFileReference; lastKnownFileType = sourcecode.swift; path = RainViewController.swift; sourceTree = "<group>"; };
		B99272471F22836800879A51 /* Base */ = {isa = PBXFileReference; lastKnownFileType = file.storyboard; name = Base; path = Base.lproj/Main.storyboard; sourceTree = "<group>"; };
		B99272491F22836800879A51 /* Assets.xcassets */ = {isa = PBXFileReference; lastKnownFileType = folder.assetcatalog; path = Assets.xcassets; sourceTree = "<group>"; };
		B992724C1F22836800879A51 /* Base */ = {isa = PBXFileReference; lastKnownFileType = file.storyboard; name = Base; path = Base.lproj/LaunchScreen.storyboard; sourceTree = "<group>"; };
		B992724E1F22836800879A51 /* Info.plist */ = {isa = PBXFileReference; lastKnownFileType = text.plist.xml; path = Info.plist; sourceTree = "<group>"; };
		B99272541F2283E400879A51 /* MenuViewController.swift */ = {isa = PBXFileReference; lastKnownFileType = sourcecode.swift; path = MenuViewController.swift; sourceTree = "<group>"; };
/* End PBXFileReference section */

/* Begin PBXFrameworksBuildPhase section */
		B992723A1F22836800879A51 /* Frameworks */ = {
			isa = PBXFrameworksBuildPhase;
			buildActionMask = 2147483647;
			files = (
			);
			runOnlyForDeploymentPostprocessing = 0;
		};
/* End PBXFrameworksBuildPhase section */

/* Begin PBXGroup section */
		B97631581F27CEB400AFD6D9 /* fonts */ = {
			isa = PBXGroup;
			children = (
				B97631521F27CE9900AFD6D9 /* SFText-Medium.otf */,
				B97631531F27CE9900AFD6D9 /* SFText-Regular.otf */,
				B97631561F27CEAC00AFD6D9 /* Arvil_Sans.ttf */,
			);
			path = fonts;
			sourceTree = "<group>";
		};
		B99272341F22836800879A51 = {
			isa = PBXGroup;
			children = (
				B992723F1F22836800879A51 /* MakeItRain */,
				B992723E1F22836800879A51 /* Products */,
			);
			sourceTree = "<group>";
		};
		B992723E1F22836800879A51 /* Products */ = {
			isa = PBXGroup;
			children = (
				B992723D1F22836800879A51 /* MakeItRain.app */,
			);
			name = Products;
			sourceTree = "<group>";
		};
		B992723F1F22836800879A51 /* MakeItRain */ = {
			isa = PBXGroup;
			children = (
				B99272401F22836800879A51 /* AppDelegate.swift */,
				B99272421F22836800879A51 /* art.scnassets */,
				B99272441F22836800879A51 /* RainViewController.swift */,
				B99272541F2283E400879A51 /* MenuViewController.swift */,
				B97631581F27CEB400AFD6D9 /* fonts */,
				B99272461F22836800879A51 /* Main.storyboard */,
				B99272491F22836800879A51 /* Assets.xcassets */,
				B992724B1F22836800879A51 /* LaunchScreen.storyboard */,
				B992724E1F22836800879A51 /* Info.plist */,
			);
			path = MakeItRain;
			sourceTree = "<group>";
		};
/* End PBXGroup section */

/* Begin PBXNativeTarget section */
		B992723C1F22836800879A51 /* MakeItRain */ = {
			isa = PBXNativeTarget;
			buildConfigurationList = B99272511F22836800879A51 /* Build configuration list for PBXNativeTarget "MakeItRain" */;
			buildPhases = (
				B99272391F22836800879A51 /* Sources */,
				B992723A1F22836800879A51 /* Frameworks */,
				B992723B1F22836800879A51 /* Resources */,
			);
			buildRules = (
			);
			dependencies = (
			);
			name = MakeItRain;
			productName = MakeItRain;
			productReference = B992723D1F22836800879A51 /* MakeItRain.app */;
			productType = "com.apple.product-type.application";
		};
/* End PBXNativeTarget section */

/* Begin PBXProject section */
		B99272351F22836800879A51 /* Project object */ = {
			isa = PBXProject;
			attributes = {
				LastSwiftUpdateCheck = 0900;
				LastUpgradeCheck = 0900;
				ORGANIZATIONNAME = LunarLincoln;
				TargetAttributes = {
					B992723C1F22836800879A51 = {
						CreatedOnToolsVersion = 9.0;
					};
				};
			};
			buildConfigurationList = B99272381F22836800879A51 /* Build configuration list for PBXProject "MakeItRain" */;
			compatibilityVersion = "Xcode 8.0";
			developmentRegion = en;
			hasScannedForEncodings = 0;
			knownRegions = (
				en,
				Base,
			);
			mainGroup = B99272341F22836800879A51;
			productRefGroup = B992723E1F22836800879A51 /* Products */;
			projectDirPath = "";
			projectRoot = "";
			targets = (
				B992723C1F22836800879A51 /* MakeItRain */,
			);
		};
/* End PBXProject section */

/* Begin PBXResourcesBuildPhase section */
		B992723B1F22836800879A51 /* Resources */ = {
			isa = PBXResourcesBuildPhase;
			buildActionMask = 2147483647;
			files = (
				B97631551F27CE9900AFD6D9 /* SFText-Regular.otf in Resources */,
				B99272431F22836800879A51 /* art.scnassets in Resources */,
				B97631541F27CE9900AFD6D9 /* SFText-Medium.otf in Resources */,
				B992724D1F22836800879A51 /* LaunchScreen.storyboard in Resources */,
				B992724A1F22836800879A51 /* Assets.xcassets in Resources */,
				B97631571F27CEAC00AFD6D9 /* Arvil_Sans.ttf in Resources */,
				B99272481F22836800879A51 /* Main.storyboard in Resources */,
			);
			runOnlyForDeploymentPostprocessing = 0;
		};
/* End PBXResourcesBuildPhase section */

/* Begin PBXSourcesBuildPhase section */
		B99272391F22836800879A51 /* Sources */ = {
			isa = PBXSourcesBuildPhase;
			buildActionMask = 2147483647;
			files = (
				B99272451F22836800879A51 /* RainViewController.swift in Sources */,
				B99272551F2283E400879A51 /* MenuViewController.swift in Sources */,
				B99272411F22836800879A51 /* AppDelegate.swift in Sources */,
			);
			runOnlyForDeploymentPostprocessing = 0;
		};
/* End PBXSourcesBuildPhase section */

/* Begin PBXVariantGroup section */
		B99272461F22836800879A51 /* Main.storyboard */ = {
			isa = PBXVariantGroup;
			children = (
				B99272471F22836800879A51 /* Base */,
			);
			name = Main.storyboard;
			sourceTree = "<group>";
		};
		B992724B1F22836800879A51 /* LaunchScreen.storyboard */ = {
			isa = PBXVariantGroup;
			children = (
				B992724C1F22836800879A51 /* Base */,
			);
			name = LaunchScreen.storyboard;
			sourceTree = "<group>";
		};
/* End PBXVariantGroup section */

/* Begin XCBuildConfiguration section */
		B992724F1F22836800879A51 /* Debug */ = {
			isa = XCBuildConfiguration;
			buildSettings = {
				ALWAYS_SEARCH_USER_PATHS = NO;
				CLANG_ANALYZER_NONNULL = YES;
				CLANG_ANALYZER_NUMBER_OBJECT_CONVERSION = YES_AGGRESSIVE;
				CLANG_CXX_LANGUAGE_STANDARD = "gnu++14";
				CLANG_CXX_LIBRARY = "libc++";
				CLANG_ENABLE_MODULES = YES;
				CLANG_ENABLE_OBJC_ARC = YES;
				CLANG_WARN_BLOCK_CAPTURE_AUTORELEASING = YES;
				CLANG_WARN_BOOL_CONVERSION = YES;
				CLANG_WARN_COMMA = YES;
				CLANG_WARN_CONSTANT_CONVERSION = YES;
				CLANG_WARN_DIRECT_OBJC_ISA_USAGE = YES_ERROR;
				CLANG_WARN_DOCUMENTATION_COMMENTS = YES;
				CLANG_WARN_EMPTY_BODY = YES;
				CLANG_WARN_ENUM_CONVERSION = YES;
				CLANG_WARN_INFINITE_RECURSION = YES;
				CLANG_WARN_INT_CONVERSION = YES;
				CLANG_WARN_OBJC_ROOT_CLASS = YES_ERROR;
				CLANG_WARN_RANGE_LOOP_ANALYSIS = YES;
				CLANG_WARN_STRICT_PROTOTYPES = YES;
				CLANG_WARN_SUSPICIOUS_MOVE = YES;
				CLANG_WARN_UNGUARDED_AVAILABILITY = YES_AGGRESSIVE;
				CLANG_WARN_UNREACHABLE_CODE = YES;
				CLANG_WARN__DUPLICATE_METHOD_MATCH = YES;
				CODE_SIGN_IDENTITY = "iPhone Developer";
				COPY_PHASE_STRIP = NO;
				DEBUG_INFORMATION_FORMAT = dwarf;
				ENABLE_STRICT_OBJC_MSGSEND = YES;
				ENABLE_TESTABILITY = YES;
				GCC_C_LANGUAGE_STANDARD = gnu11;
				GCC_DYNAMIC_NO_PIC = NO;
				GCC_NO_COMMON_BLOCKS = YES;
				GCC_OPTIMIZATION_LEVEL = 0;
				GCC_PREPROCESSOR_DEFINITIONS = (
					"DEBUG=1",
					"$(inherited)",
				);
				GCC_WARN_64_TO_32_BIT_CONVERSION = YES;
				GCC_WARN_ABOUT_RETURN_TYPE = YES_ERROR;
				GCC_WARN_UNDECLARED_SELECTOR = YES;
				GCC_WARN_UNINITIALIZED_AUTOS = YES_AGGRESSIVE;
				GCC_WARN_UNUSED_FUNCTION = YES;
				GCC_WARN_UNUSED_VARIABLE = YES;
				IPHONEOS_DEPLOYMENT_TARGET = 11.0;
				MTL_ENABLE_DEBUG_INFO = YES;
				ONLY_ACTIVE_ARCH = YES;
				SDKROOT = iphoneos;
				SWIFT_ACTIVE_COMPILATION_CONDITIONS = DEBUG;
				SWIFT_OPTIMIZATION_LEVEL = "-Onone";
			};
			name = Debug;
		};
		B99272501F22836800879A51 /* Release */ = {
			isa = XCBuildConfiguration;
			buildSettings = {
				ALWAYS_SEARCH_USER_PATHS = NO;
				CLANG_ANALYZER_NONNULL = YES;
				CLANG_ANALYZER_NUMBER_OBJECT_CONVERSION = YES_AGGRESSIVE;
				CLANG_CXX_LANGUAGE_STANDARD = "gnu++14";
				CLANG_CXX_LIBRARY = "libc++";
				CLANG_ENABLE_MODULES = YES;
				CLANG_ENABLE_OBJC_ARC = YES;
				CLANG_WARN_BLOCK_CAPTURE_AUTORELEASING = YES;
				CLANG_WARN_BOOL_CONVERSION = YES;
				CLANG_WARN_COMMA = YES;
				CLANG_WARN_CONSTANT_CONVERSION = YES;
				CLANG_WARN_DIRECT_OBJC_ISA_USAGE = YES_ERROR;
				CLANG_WARN_DOCUMENTATION_COMMENTS = YES;
				CLANG_WARN_EMPTY_BODY = YES;
				CLANG_WARN_ENUM_CONVERSION = YES;
				CLANG_WARN_INFINITE_RECURSION = YES;
				CLANG_WARN_INT_CONVERSION = YES;
				CLANG_WARN_OBJC_ROOT_CLASS = YES_ERROR;
				CLANG_WARN_RANGE_LOOP_ANALYSIS = YES;
				CLANG_WARN_STRICT_PROTOTYPES = YES;
				CLANG_WARN_SUSPICIOUS_MOVE = YES;
				CLANG_WARN_UNGUARDED_AVAILABILITY = YES_AGGRESSIVE;
				CLANG_WARN_UNREACHABLE_CODE = YES;
				CLANG_WARN__DUPLICATE_METHOD_MATCH = YES;
				CODE_SIGN_IDENTITY = "iPhone Developer";
				COPY_PHASE_STRIP = NO;
				DEBUG_INFORMATION_FORMAT = "dwarf-with-dsym";
				ENABLE_NS_ASSERTIONS = NO;
				ENABLE_STRICT_OBJC_MSGSEND = YES;
				GCC_C_LANGUAGE_STANDARD = gnu11;
				GCC_NO_COMMON_BLOCKS = YES;
				GCC_WARN_64_TO_32_BIT_CONVERSION = YES;
				GCC_WARN_ABOUT_RETURN_TYPE = YES_ERROR;
				GCC_WARN_UNDECLARED_SELECTOR = YES;
				GCC_WARN_UNINITIALIZED_AUTOS = YES_AGGRESSIVE;
				GCC_WARN_UNUSED_FUNCTION = YES;
				GCC_WARN_UNUSED_VARIABLE = YES;
				IPHONEOS_DEPLOYMENT_TARGET = 11.0;
				MTL_ENABLE_DEBUG_INFO = NO;
				SDKROOT = iphoneos;
				SWIFT_OPTIMIZATION_LEVEL = "-Owholemodule";
				VALIDATE_PRODUCT = YES;
			};
			name = Release;
		};
		B99272521F22836800879A51 /* Debug */ = {
			isa = XCBuildConfiguration;
			buildSettings = {
				ASSETCATALOG_COMPILER_APPICON_NAME = AppIcon;
				DEVELOPMENT_TEAM = X5HF3YHA25;
				INFOPLIST_FILE = MakeItRain/Info.plist;
				LD_RUNPATH_SEARCH_PATHS = "$(inherited) @executable_path/Frameworks";
				PRODUCT_BUNDLE_IDENTIFIER = com.LunarLincoln.MakeItRain;
				PRODUCT_NAME = "$(TARGET_NAME)";
				SWIFT_VERSION = 4.0;
				TARGETED_DEVICE_FAMILY = "1,2";
			};
			name = Debug;
		};
		B99272531F22836800879A51 /* Release */ = {
			isa = XCBuildConfiguration;
			buildSettings = {
				ASSETCATALOG_COMPILER_APPICON_NAME = AppIcon;
				DEVELOPMENT_TEAM = X5HF3YHA25;
				INFOPLIST_FILE = MakeItRain/Info.plist;
				LD_RUNPATH_SEARCH_PATHS = "$(inherited) @executable_path/Frameworks";
				PRODUCT_BUNDLE_IDENTIFIER = com.LunarLincoln.MakeItRain;
				PRODUCT_NAME = "$(TARGET_NAME)";
				SWIFT_VERSION = 4.0;
				TARGETED_DEVICE_FAMILY = "1,2";
			};
			name = Release;
		};
/* End XCBuildConfiguration section */

/* Begin XCConfigurationList section */
		B99272381F22836800879A51 /* Build configuration list for PBXProject "MakeItRain" */ = {
			isa = XCConfigurationList;
			buildConfigurations = (
				B992724F1F22836800879A51 /* Debug */,
				B99272501F22836800879A51 /* Release */,
			);
			defaultConfigurationIsVisible = 0;
			defaultConfigurationName = Release;
		};
		B99272511F22836800879A51 /* Build configuration list for PBXNativeTarget "MakeItRain" */ = {
			isa = XCConfigurationList;
			buildConfigurations = (
				B99272521F22836800879A51 /* Debug */,
				B99272531F22836800879A51 /* Release */,
			);
			defaultConfigurationIsVisible = 0;
			defaultConfigurationName = Release;
		};
/* End XCConfigurationList section */
	};
	rootObject = B99272351F22836800879A51 /* Project object */;
}
